<?xml version="1.0" encoding="utf-8"?>
<Project ToolsVersion="4.0" xmlns="http://schemas.microsoft.com/developer/msbuild/2003">
  <ItemGroup>
    <Filter Include="Resource Files">
      <UniqueIdentifier>{67DA6AB6-F800-4c08-8B7A-83BB121AAD01}</UniqueIdentifier>
      <Extensions>rc;ico;cur;bmp;dlg;rc2;rct;bin;rgs;gif;jpg;jpeg;jpe;resx;tiff;tif;png;wav;mfcribbon-ms</Extensions>
    </Filter>
    <Filter Include="External Includes">
      <UniqueIdentifier>{93995380-89BD-4b04-88EB-625FBE52EBFB}</UniqueIdentifier>
      <Extensions>h;hh;hpp;hxx;h++;hm;inl;inc;ipp;xsd</Extensions>
    </Filter>
    <Filter Include="Schedulers">
      <UniqueIdentifier>{6cbddb4f-ec29-49d7-9dca-b8be440aa122}</UniqueIdentifier>
    </Filter>
    <Filter Include="Common">
      <UniqueIdentifier>{6423e173-cf04-4927-8e1c-45afef18bbc6}</UniqueIdentifier>
    </Filter>
    <Filter Include="Processes &amp; Commands">
      <UniqueIdentifier>{b40d9707-6398-455d-b109-c41c5582c286}</UniqueIdentifier>
    </Filter>
    <Filter Include="Consoles">
      <UniqueIdentifier>{8cccbfe1-1c16-453d-a93b-ea7d44aba2ac}</UniqueIdentifier>
    </Filter>
    <Filter Include="Threads">
      <UniqueIdentifier>{55866fe6-6807-48c8-b5d4-49d34eadc6b5}</UniqueIdentifier>
    </Filter>
  </ItemGroup>
  <ItemGroup>
    <ClCompile Include="src\Common.cpp">
      <Filter>Common</Filter>
    </ClCompile>
    <ClCompile Include="src\ConsoleManager.cpp">
      <Filter>Common</Filter>
    </ClCompile>
    <ClCompile Include="CSOPESY-OS-Emulator.cpp" />
    <ClCompile Include="src\AScheduler.cpp">
      <Filter>Schedulers</Filter>
    </ClCompile>
    <ClCompile Include="src\FCFSScheduler.cpp">
      <Filter>Schedulers</Filter>
    </ClCompile>
    <ClCompile Include="src\AConsole.cpp">
      <Filter>Consoles</Filter>
    </ClCompile>
    <ClCompile Include="src\CPUCoreThread.cpp">
      <Filter>Threads</Filter>
    </ClCompile>
    <ClCompile Include="src\GlobalScheduler.cpp">
      <Filter>Common</Filter>
    </ClCompile>
    <ClCompile Include="src\IETThread.cpp">
      <Filter>Threads</Filter>
    </ClCompile>
    <ClCompile Include="src\MarqueeConsole.cpp">
      <Filter>Consoles</Filter>
    </ClCompile>
    <ClCompile Include="src\MainConsole.cpp">
      <Filter>Consoles</Filter>
    </ClCompile>
    <ClCompile Include="src\IOCommand.cpp">
      <Filter>Processes &amp; Commands</Filter>
    </ClCompile>
    <ClCompile Include="src\PrintCommand.cpp">
      <Filter>Processes &amp; Commands</Filter>
    </ClCompile>
    <ClCompile Include="src\BaseScreen.cpp">
      <Filter>Consoles</Filter>
    </ClCompile>
    <ClCompile Include="src\Process.cpp">
      <Filter>Processes &amp; Commands</Filter>
    </ClCompile>
  </ItemGroup>
  <ItemGroup>
    <ClInclude Include="include\color.hpp">
      <Filter>External Includes</Filter>
    </ClInclude>
    <ClInclude Include="src\Common.h">
      <Filter>Common</Filter>
    </ClInclude>
    <ClInclude Include="src\ConsoleManager.h">
      <Filter>Common</Filter>
    </ClInclude>
    <ClInclude Include="src\TypedefRepo.h">
      <Filter>Common</Filter>
    </ClInclude>
    <ClInclude Include="src\AScheduler.h">
      <Filter>Schedulers</Filter>
    </ClInclude>
    <ClInclude Include="src\FCFSScheduler.h">
      <Filter>Schedulers</Filter>
    </ClInclude>
    <ClInclude Include="src\AConsole.h">
      <Filter>Consoles</Filter>
    </ClInclude>
    <ClInclude Include="src\BaseScreen.h">
      <Filter>Consoles</Filter>
    </ClInclude>
    <ClInclude Include="src\MainConsole.h">
      <Filter>Consoles</Filter>
    </ClInclude>
    <ClInclude Include="src\MarqueeConsole.h">
      <Filter>Consoles</Filter>
    </ClInclude>
    <ClInclude Include="src\ICommand.h">
      <Filter>Processes &amp; Commands</Filter>
    </ClInclude>
    <ClInclude Include="src\IETThread.h">
      <Filter>Threads</Filter>
    </ClInclude>
    <ClInclude Include="src\CPUCoreThread.h">
      <Filter>Threads</Filter>
    </ClInclude>
    <ClInclude Include="src\IOCommand.h">
      <Filter>Processes &amp; Commands</Filter>
    </ClInclude>
    <ClInclude Include="src\PrintCommand.h">
      <Filter>Processes &amp; Commands</Filter>
    </ClInclude>
    <ClInclude Include="src\GlobalScheduler.h">
      <Filter>Common</Filter>
    </ClInclude>
    <ClInclude Include="src\Process.h">
      <Filter>Processes &amp; Commands</Filter>
    </ClInclude>
  </ItemGroup>
  <ItemGroup>
    <None Include="..\.gitignore" />
    <None Include="..\README.md" />
    <None Include="ClassDiagram.cd" />
    <None Include="ClassDiagram1.cd" />
  </ItemGroup>
  <ItemGroup>
    <Text Include="config.txt" />
  </ItemGroup>
</Project>